
Microsoft Visual Studio Solution File, Format Version 12.00
# Visual Studio Version 17
VisualStudioVersion = 17.10.35013.160
MinimumVisualStudioVersion = 10.0.40219.1
Project("{9A19103F-16F7-4668-BE54-9A1E7A4F7556}") = "RPSGame", "RPSGame\RPSGame.csproj", "{1D38B529-3F95-47B8-B47E-69164FEA42D6}"
EndProject
Project("{9A19103F-16F7-4668-BE54-9A1E7A4F7556}") = "RPSGameTests", "RPSGameTests\RPSGameTests.csproj", "{1507C74D-AD02-418A-B716-15DAB6A97B9A}"
EndProject
Project("{2150E333-8FDC-42A3-9474-1A3956D46DE8}") = "Solution Items", "Solution Items", "{70E4306D-F1F8-43EE-AA89-B10ACC6EBFC3}"
	ProjectSection(SolutionItems) = preProject
		README.md = README.md
	EndProjectSection
EndProject
Global
	GlobalSection(SolutionConfigurationPlatforms) = preSolution
		Debug|Any CPU = Debug|Any CPU
		Release|Any CPU = Release|Any CPU
	EndGlobalSection
	GlobalSection(ProjectConfigurationPlatforms) = postSolution
		{1D38B529-3F95-47B8-B47E-69164FEA42D6}.Debug|Any CPU.ActiveCfg = Debug|Any CPU
		{1D38B529-3F95-47B8-B47E-69164FEA42D6}.Debug|Any CPU.Build.0 = Debug|Any CPU
		{1D38B529-3F95-47B8-B47E-69164FEA42D6}.Release|Any CPU.ActiveCfg = Release|Any CPU
		{1D38B529-3F95-47B8-B47E-69164FEA42D6}.Release|Any CPU.Build.0 = Release|Any CPU
		{1507C74D-AD02-418A-B716-15DAB6A97B9A}.Debug|Any CPU.ActiveCfg = Debug|Any CPU
		{1507C74D-AD02-418A-B716-15DAB6A97B9A}.Debug|Any CPU.Build.0 = Debug|Any CPU
		{1507C74D-AD02-418A-B716-15DAB6A97B9A}.Release|Any CPU.ActiveCfg = Release|Any CPU
		{1507C74D-AD02-418A-B716-15DAB6A97B9A}.Release|Any CPU.Build.0 = Release|Any CPU
	EndGlobalSection
	GlobalSection(SolutionProperties) = preSolution
		HideSolutionNode = FALSE
	EndGlobalSection
	GlobalSection(ExtensibilityGlobals) = postSolution
		SolutionGuid = {9A7AF2F0-3748-4463-A82D-ED4E475DE0FF}
	EndGlobalSection
EndGlobal
